
Microsoft Visual Studio Solution File, Format Version 12.00
# Visual Studio Version 17
VisualStudioVersion = 17.13.35825.156 d17.13
MinimumVisualStudioVersion = 10.0.40219.1
Project("{FAE04EC0-301F-11D3-BF4B-00C04F79EFBC}") = "To Do App", "To Do App\To Do App.csproj", "{64F4FA1A-E098-4F54-8416-1CA7987D516E}"
EndProject
Global
	GlobalSection(SolutionConfigurationPlatforms) = preSolution
		Debug|Any CPU = Debug|Any CPU
		Release|Any CPU = Release|Any CPU
	EndGlobalSection
	GlobalSection(ProjectConfigurationPlatforms) = postSolution
		{64F4FA1A-E098-4F54-8416-1CA7987D516E}.Debug|Any CPU.ActiveCfg = Debug|Any CPU
		{64F4FA1A-E098-4F54-8416-1CA7987D516E}.Debug|Any CPU.Build.0 = Debug|Any CPU
		{64F4FA1A-E098-4F54-8416-1CA7987D516E}.Release|Any CPU.ActiveCfg = Release|Any CPU
		{64F4FA1A-E098-4F54-8416-1CA7987D516E}.Release|Any CPU.Build.0 = Release|Any CPU
	EndGlobalSection
	GlobalSection(SolutionProperties) = preSolution
		HideSolutionNode = FALSE
	EndGlobalSection
	GlobalSection(ExtensibilityGlobals) = postSolution
		SolutionGuid = {8C833E8E-4586-4F65-9BB4-59EAE7452E80}
	EndGlobalSection
EndGlobal
